// !$*UTF8*$!
{
	archiveVersion = 1;
	classes = {
	};
	objectVersion = 70;
	objects = {

/* Begin PBXBuildFile section */
		A10001 /* FicinoApp.swift in Sources */ = {isa = PBXBuildFile; fileRef = B10001 /* FicinoApp.swift */; };
		A10002 /* TrackInfo.swift in Sources */ = {isa = PBXBuildFile; fileRef = B10002 /* TrackInfo.swift */; };
		A10003 /* CommentEntry.swift in Sources */ = {isa = PBXBuildFile; fileRef = B10003 /* CommentEntry.swift */; };

		A10005 /* AppState.swift in Sources */ = {isa = PBXBuildFile; fileRef = B10005 /* AppState.swift */; };
		A10006 /* MusicListener.swift in Sources */ = {isa = PBXBuildFile; fileRef = B10006 /* MusicListener.swift */; };
		A10008 /* ArtworkService.swift in Sources */ = {isa = PBXBuildFile; fileRef = B10008 /* ArtworkService.swift */; };
		A10009 /* NotificationService.swift in Sources */ = {isa = PBXBuildFile; fileRef = B10009 /* NotificationService.swift */; };
		A10010 /* MenuBarView.swift in Sources */ = {isa = PBXBuildFile; fileRef = B10010 /* MenuBarView.swift */; };
		A10011 /* NowPlayingView.swift in Sources */ = {isa = PBXBuildFile; fileRef = B10011 /* NowPlayingView.swift */; };
		A10012 /* HistoryView.swift in Sources */ = {isa = PBXBuildFile; fileRef = B10012 /* HistoryView.swift */; };
		A10014 /* SettingsView.swift in Sources */ = {isa = PBXBuildFile; fileRef = B10014 /* SettingsView.swift */; };
		A10015 /* Assets.xcassets in Resources */ = {isa = PBXBuildFile; fileRef = B10015 /* Assets.xcassets */; };

		AE97E6982F41A97C0005F306 /* Secrets.xcconfig in Resources */ = {isa = PBXBuildFile; fileRef = AE97E6972F41A97C0005F306 /* Secrets.xcconfig */; };
		AE97E6992F41A97C0005F306 /* Secrets.xcconfig in Resources */ = {isa = PBXBuildFile; fileRef = AE97E6972F41A97C0005F306 /* Secrets.xcconfig */; };
		AECBA0C02F3ED892000EAF76 /* MusicContext in Frameworks */ = {isa = PBXBuildFile; productRef = AECBA0BF2F3ED892000EAF76 /* MusicContext */; };
		AEF2E4012F411100009E0C54 /* MusicContext in Frameworks */ = {isa = PBXBuildFile; productRef = AEF2E4022F411100009E0C54 /* MusicContext */; };
		AE00010100000003000E0C54 /* MusicModel in Frameworks */ = {isa = PBXBuildFile; productRef = AE00010100000002000E0C54 /* MusicModel */; };
/* End PBXBuildFile section */

/* Begin PBXFileReference section */
		AE97E6972F41A97C0005F306 /* Secrets.xcconfig */ = {isa = PBXFileReference; lastKnownFileType = text.xcconfig; path = Secrets.xcconfig; sourceTree = "<group>"; };
		AEF2E3E02F411050009E0C54 /* MusicContextGenerator.app */ = {isa = PBXFileReference; explicitFileType = wrapper.application; includeInIndex = 0; path = MusicContextGenerator.app; sourceTree = BUILT_PRODUCTS_DIR; };
		B10001 /* FicinoApp.swift */ = {isa = PBXFileReference; lastKnownFileType = sourcecode.swift; path = FicinoApp.swift; sourceTree = "<group>"; };
		B10002 /* TrackInfo.swift */ = {isa = PBXFileReference; lastKnownFileType = sourcecode.swift; path = TrackInfo.swift; sourceTree = "<group>"; };
		B10003 /* CommentEntry.swift */ = {isa = PBXFileReference; lastKnownFileType = sourcecode.swift; path = CommentEntry.swift; sourceTree = "<group>"; };

		B10005 /* AppState.swift */ = {isa = PBXFileReference; lastKnownFileType = sourcecode.swift; path = AppState.swift; sourceTree = "<group>"; };
		B10006 /* MusicListener.swift */ = {isa = PBXFileReference; lastKnownFileType = sourcecode.swift; path = MusicListener.swift; sourceTree = "<group>"; };
		B10008 /* ArtworkService.swift */ = {isa = PBXFileReference; lastKnownFileType = sourcecode.swift; path = ArtworkService.swift; sourceTree = "<group>"; };
		B10009 /* NotificationService.swift */ = {isa = PBXFileReference; lastKnownFileType = sourcecode.swift; path = NotificationService.swift; sourceTree = "<group>"; };
		B10010 /* MenuBarView.swift */ = {isa = PBXFileReference; lastKnownFileType = sourcecode.swift; path = MenuBarView.swift; sourceTree = "<group>"; };
		B10011 /* NowPlayingView.swift */ = {isa = PBXFileReference; lastKnownFileType = sourcecode.swift; path = NowPlayingView.swift; sourceTree = "<group>"; };
		B10012 /* HistoryView.swift */ = {isa = PBXFileReference; lastKnownFileType = sourcecode.swift; path = HistoryView.swift; sourceTree = "<group>"; };
		B10014 /* SettingsView.swift */ = {isa = PBXFileReference; lastKnownFileType = sourcecode.swift; path = SettingsView.swift; sourceTree = "<group>"; };
		B10015 /* Assets.xcassets */ = {isa = PBXFileReference; lastKnownFileType = folder.assetcatalog; path = Assets.xcassets; sourceTree = "<group>"; };
		B10016 /* Info.plist */ = {isa = PBXFileReference; lastKnownFileType = text.plist.xml; path = Info.plist; sourceTree = "<group>"; };
		B10017 /* Ficino.entitlements */ = {isa = PBXFileReference; lastKnownFileType = text.plist.entitlements; path = Ficino.entitlements; sourceTree = "<group>"; };

		C10001 /* Ficino.app */ = {isa = PBXFileReference; explicitFileType = wrapper.application; includeInIndex = 0; path = Ficino.app; sourceTree = BUILT_PRODUCTS_DIR; };
/* End PBXFileReference section */

/* Begin PBXFileSystemSynchronizedBuildFileExceptionSet section */
		AEF2E4102F500000009E0C54 /* PBXFileSystemSynchronizedBuildFileExceptionSet */ = {
			isa = PBXFileSystemSynchronizedBuildFileExceptionSet;
			membershipExceptions = (
				Info.plist,
			);
			target = AEF2E3DF2F411050009E0C54 /* MusicContextGenerator */;
		};
/* End PBXFileSystemSynchronizedBuildFileExceptionSet section */

/* Begin PBXFileSystemSynchronizedRootGroup section */
		AEDE2C322F3E761B009D794D /* docs */ = {isa = PBXFileSystemSynchronizedRootGroup; explicitFileTypes = {}; explicitFolders = (); path = docs; sourceTree = "<group>"; };
		AEF2E3E12F411051009E0C54 /* MusicContextGenerator */ = {isa = PBXFileSystemSynchronizedRootGroup; exceptions = (AEF2E4102F500000009E0C54 /* PBXFileSystemSynchronizedBuildFileExceptionSet */, ); explicitFileTypes = {}; explicitFolders = (); path = MusicContextGenerator; sourceTree = "<group>"; };
/* End PBXFileSystemSynchronizedRootGroup section */

/* Begin PBXFrameworksBuildPhase section */
		AEF2E3DD2F411050009E0C54 /* Frameworks */ = {
			isa = PBXFrameworksBuildPhase;
			buildActionMask = 2147483647;
			files = (
				AEF2E4012F411100009E0C54 /* MusicContext in Frameworks */,
			);
			runOnlyForDeploymentPostprocessing = 0;
		};
		D10001 /* Frameworks */ = {
			isa = PBXFrameworksBuildPhase;
			buildActionMask = 2147483647;
			files = (
				AECBA0C02F3ED892000EAF76 /* MusicContext in Frameworks */,
				AE00010100000003000E0C54 /* MusicModel in Frameworks */,
			);
			runOnlyForDeploymentPostprocessing = 0;
		};
/* End PBXFrameworksBuildPhase section */

/* Begin PBXGroup section */
		E10001 = {
			isa = PBXGroup;
			children = (
				AE97E6972F41A97C0005F306 /* Secrets.xcconfig */,
				AEDE2C322F3E761B009D794D /* docs */,
				E10002 /* Ficino */,
				AEF2E3E12F411051009E0C54 /* MusicContextGenerator */,
				E10006 /* Products */,
			);
			sourceTree = "<group>";
		};
		E10002 /* Ficino */ = {
			isa = PBXGroup;
			children = (
				B10001 /* FicinoApp.swift */,
				B10016 /* Info.plist */,
				B10017 /* Ficino.entitlements */,
				B10015 /* Assets.xcassets */,
				E10003 /* Models */,
				E10004 /* Services */,
				E10005 /* Views */,
			);
			path = Ficino;
			sourceTree = "<group>";
		};
		E10003 /* Models */ = {
			isa = PBXGroup;
			children = (
				B10002 /* TrackInfo.swift */,
				B10003 /* CommentEntry.swift */,
				B10005 /* AppState.swift */,
			);
			path = Models;
			sourceTree = "<group>";
		};
		E10004 /* Services */ = {
			isa = PBXGroup;
			children = (
				B10006 /* MusicListener.swift */,
				B10008 /* ArtworkService.swift */,
				B10009 /* NotificationService.swift */,
			);
			path = Services;
			sourceTree = "<group>";
		};
		E10005 /* Views */ = {
			isa = PBXGroup;
			children = (
				B10010 /* MenuBarView.swift */,
				B10011 /* NowPlayingView.swift */,
				B10012 /* HistoryView.swift */,
				B10014 /* SettingsView.swift */,
			);
			path = Views;
			sourceTree = "<group>";
		};
		E10006 /* Products */ = {
			isa = PBXGroup;
			children = (
				C10001 /* Ficino.app */,
				AEF2E3E02F411050009E0C54 /* MusicContextGenerator.app */,
			);
			name = Products;
			sourceTree = "<group>";
		};
/* End PBXGroup section */

/* Begin PBXNativeTarget section */
		AEF2E3DF2F411050009E0C54 /* MusicContextGenerator */ = {
			isa = PBXNativeTarget;
			buildConfigurationList = AEF2E3E82F411051009E0C54 /* Build configuration list for PBXNativeTarget "MusicContextGenerator" */;
			buildPhases = (
				AEF2E3DC2F411050009E0C54 /* Sources */,
				AEF2E3DD2F411050009E0C54 /* Frameworks */,
				AEF2E3DE2F411050009E0C54 /* Resources */,
			);
			buildRules = (
			);
			dependencies = (
			);
			fileSystemSynchronizedGroups = (
				AEF2E3E12F411051009E0C54 /* MusicContextGenerator */,
			);
			name = MusicContextGenerator;
			packageProductDependencies = (
				AEF2E4022F411100009E0C54 /* MusicContext */,
			);
			productName = MusicContextGenerator;
			productReference = AEF2E3E02F411050009E0C54 /* MusicContextGenerator.app */;
			productType = "com.apple.product-type.application";
		};
		F10001 /* Ficino */ = {
			isa = PBXNativeTarget;
			buildConfigurationList = G10003 /* Build configuration list for PBXNativeTarget "Ficino" */;
			buildPhases = (
				F10002 /* Sources */,
				D10001 /* Frameworks */,
				F10003 /* Resources */,
			);
			buildRules = (
			);
			dependencies = (
			);
			name = Ficino;
			packageProductDependencies = (
				AECBA0BF2F3ED892000EAF76 /* MusicContext */,
				AE00010100000002000E0C54 /* MusicModel */,
			);
			productName = Ficino;
			productReference = C10001 /* Ficino.app */;
			productType = "com.apple.product-type.application";
		};
/* End PBXNativeTarget section */

/* Begin PBXProject section */
		F10004 /* Project object */ = {
			isa = PBXProject;
			attributes = {
				BuildIndependentTargetsInParallel = 1;
				LastSwiftUpdateCheck = 2620;
				LastUpgradeCheck = 2620;
				TargetAttributes = {
					AEF2E3DF2F411050009E0C54 = {
						CreatedOnToolsVersion = 26.2;
					};
					F10001 = {
						CreatedOnToolsVersion = 15.0;
					};
				};
			};
			buildConfigurationList = G10001 /* Build configuration list for PBXProject "Ficino" */;
			compatibilityVersion = "Xcode 14.0";
			developmentRegion = en;
			hasScannedForEncodings = 0;
			knownRegions = (
				en,
				Base,
			);
			mainGroup = E10001;
			packageReferences = (
				AECBA0BE2F3ED892000EAF76 /* XCLocalSwiftPackageReference "MusicContext" */,
				AE00010100000001000E0C54 /* XCLocalSwiftPackageReference "MusicModel" */,
			);
			productRefGroup = E10006 /* Products */;
			projectDirPath = "";
			projectRoot = "";
			targets = (
				F10001 /* Ficino */,
				AEF2E3DF2F411050009E0C54 /* MusicContextGenerator */,
			);
		};
/* End PBXProject section */

/* Begin PBXResourcesBuildPhase section */
		AEF2E3DE2F411050009E0C54 /* Resources */ = {
			isa = PBXResourcesBuildPhase;
			buildActionMask = 2147483647;
			files = (
				AE97E6992F41A97C0005F306 /* Secrets.xcconfig in Resources */,
			);
			runOnlyForDeploymentPostprocessing = 0;
		};
		F10003 /* Resources */ = {
			isa = PBXResourcesBuildPhase;
			buildActionMask = 2147483647;
			files = (
				AE97E6982F41A97C0005F306 /* Secrets.xcconfig in Resources */,
				A10015 /* Assets.xcassets in Resources */,
			);
			runOnlyForDeploymentPostprocessing = 0;
		};
/* End PBXResourcesBuildPhase section */

/* Begin PBXSourcesBuildPhase section */
		AEF2E3DC2F411050009E0C54 /* Sources */ = {
			isa = PBXSourcesBuildPhase;
			buildActionMask = 2147483647;
			files = (
			);
			runOnlyForDeploymentPostprocessing = 0;
		};
		F10002 /* Sources */ = {
			isa = PBXSourcesBuildPhase;
			buildActionMask = 2147483647;
			files = (
				A10001 /* FicinoApp.swift in Sources */,
				A10002 /* TrackInfo.swift in Sources */,
				A10003 /* CommentEntry.swift in Sources */,
				A10005 /* AppState.swift in Sources */,
				A10006 /* MusicListener.swift in Sources */,
				A10008 /* ArtworkService.swift in Sources */,
				A10009 /* NotificationService.swift in Sources */,
				A10010 /* MenuBarView.swift in Sources */,
				A10011 /* NowPlayingView.swift in Sources */,
				A10012 /* HistoryView.swift in Sources */,
				A10014 /* SettingsView.swift in Sources */,
			);
			runOnlyForDeploymentPostprocessing = 0;
		};
/* End PBXSourcesBuildPhase section */

/* Begin XCBuildConfiguration section */
		AEF2E3E92F411051009E0C54 /* Debug */ = {
			isa = XCBuildConfiguration;
			baseConfigurationReference = AE97E6972F41A97C0005F306 /* Secrets.xcconfig */;
			buildSettings = {
				ASSETCATALOG_COMPILER_APPICON_NAME = AppIcon;
				ASSETCATALOG_COMPILER_GLOBAL_ACCENT_COLOR_NAME = AccentColor;
				CODE_SIGN_ENTITLEMENTS = MusicContextGenerator/MusicContextGenerator.entitlements;
				CODE_SIGN_IDENTITY = "Apple Development";
				"CODE_SIGN_IDENTITY[sdk=macosx*]" = "-";
				CODE_SIGN_STYLE = Automatic;
				COMBINE_HIDPI_IMAGES = YES;
				CURRENT_PROJECT_VERSION = 1;
				DEAD_CODE_STRIPPING = YES;
				ENABLE_APP_SANDBOX = NO;
				ENABLE_HARDENED_RUNTIME = YES;
				GENERATE_INFOPLIST_FILE = YES;
				INFOPLIST_FILE = MusicContextGenerator/Info.plist;
				INFOPLIST_KEY_LSUIElement = YES;
				INFOPLIST_KEY_NSAppleMusicUsageDescription = adasdadas;
				INFOPLIST_KEY_NSHumanReadableCopyright = "";
				LD_RUNPATH_SEARCH_PATHS = (
					"$(inherited)",
					"@executable_path/../Frameworks",
				);
				LOCALIZATION_PREFERS_STRING_CATALOGS = YES;
				MACOSX_DEPLOYMENT_TARGET = 26.0;
				MARKETING_VERSION = 1.0;
				PRODUCT_BUNDLE_IDENTIFIER = com.jlagedo.ficino;
				PRODUCT_NAME = "$(TARGET_NAME)";
				PROVISIONING_PROFILE_SPECIFIER = "";
				SWIFT_APPROACHABLE_CONCURRENCY = YES;
				SWIFT_DEFAULT_ACTOR_ISOLATION = MainActor;
				SWIFT_EMIT_LOC_STRINGS = YES;
				SWIFT_UPCOMING_FEATURE_MEMBER_IMPORT_VISIBILITY = YES;
				SWIFT_VERSION = 5.0;
			};
			name = Debug;
		};
		AEF2E3EA2F411051009E0C54 /* Release */ = {
			isa = XCBuildConfiguration;
			baseConfigurationReference = AE97E6972F41A97C0005F306 /* Secrets.xcconfig */;
			buildSettings = {
				ASSETCATALOG_COMPILER_APPICON_NAME = AppIcon;
				ASSETCATALOG_COMPILER_GLOBAL_ACCENT_COLOR_NAME = AccentColor;
				CODE_SIGN_ENTITLEMENTS = MusicContextGenerator/MusicContextGenerator.entitlements;
				CODE_SIGN_IDENTITY = "Apple Development";
				"CODE_SIGN_IDENTITY[sdk=macosx*]" = "-";
				CODE_SIGN_STYLE = Automatic;
				COMBINE_HIDPI_IMAGES = YES;
				CURRENT_PROJECT_VERSION = 1;
				DEAD_CODE_STRIPPING = YES;
				ENABLE_APP_SANDBOX = NO;
				ENABLE_HARDENED_RUNTIME = YES;
				GENERATE_INFOPLIST_FILE = YES;
				INFOPLIST_FILE = MusicContextGenerator/Info.plist;
				INFOPLIST_KEY_LSUIElement = YES;
				INFOPLIST_KEY_NSAppleMusicUsageDescription = adasdadas;
				INFOPLIST_KEY_NSHumanReadableCopyright = "";
				LD_RUNPATH_SEARCH_PATHS = (
					"$(inherited)",
					"@executable_path/../Frameworks",
				);
				LOCALIZATION_PREFERS_STRING_CATALOGS = YES;
				MACOSX_DEPLOYMENT_TARGET = 26.0;
				MARKETING_VERSION = 1.0;
				PRODUCT_BUNDLE_IDENTIFIER = com.jlagedo.ficino;
				PRODUCT_NAME = "$(TARGET_NAME)";
				PROVISIONING_PROFILE_SPECIFIER = "";
				SWIFT_APPROACHABLE_CONCURRENCY = YES;
				SWIFT_DEFAULT_ACTOR_ISOLATION = MainActor;
				SWIFT_EMIT_LOC_STRINGS = YES;
				SWIFT_UPCOMING_FEATURE_MEMBER_IMPORT_VISIBILITY = YES;
				SWIFT_VERSION = 5.0;
			};
			name = Release;
		};
		G10002 /* Debug */ = {
			isa = XCBuildConfiguration;
			buildSettings = {
				ALWAYS_SEARCH_USER_PATHS = NO;
				ASSETCATALOG_COMPILER_GENERATE_SWIFT_ASSET_SYMBOL_EXTENSIONS = YES;
				CLANG_ANALYZER_NONNULL = YES;
				CLANG_ANALYZER_NUMBER_OBJECT_CONVERSION = YES_AGGRESSIVE;
				CLANG_CXX_LANGUAGE_STANDARD = "gnu++20";
				CLANG_ENABLE_MODULES = YES;
				CLANG_ENABLE_OBJC_ARC = YES;
				CLANG_ENABLE_OBJC_WEAK = YES;
				CLANG_WARN_BLOCK_CAPTURE_AUTORELEASING = YES;
				CLANG_WARN_BOOL_CONVERSION = YES;
				CLANG_WARN_COMMA = YES;
				CLANG_WARN_CONSTANT_CONVERSION = YES;
				CLANG_WARN_DEPRECATED_OBJC_IMPLEMENTATIONS = YES;
				CLANG_WARN_DIRECT_OBJC_ISA_USAGE = YES_ERROR;
				CLANG_WARN_DOCUMENTATION_COMMENTS = YES;
				CLANG_WARN_EMPTY_BODY = YES;
				CLANG_WARN_ENUM_CONVERSION = YES;
				CLANG_WARN_INFINITE_RECURSION = YES;
				CLANG_WARN_INT_CONVERSION = YES;
				CLANG_WARN_NON_LITERAL_NULL_CONVERSION = YES;
				CLANG_WARN_OBJC_IMPLICIT_RETAIN_SELF = YES;
				CLANG_WARN_OBJC_LITERAL_CONVERSION = YES;
				CLANG_WARN_OBJC_ROOT_CLASS = YES_ERROR;
				CLANG_WARN_QUOTED_INCLUDE_IN_FRAMEWORK_HEADER = YES;
				CLANG_WARN_RANGE_LOOP_ANALYSIS = YES;
				CLANG_WARN_STRICT_PROTOTYPES = YES;
				CLANG_WARN_SUSPICIOUS_MOVE = YES;
				CLANG_WARN_UNGUARDED_AVAILABILITY = YES_AGGRESSIVE;
				CLANG_WARN_UNREACHABLE_CODE = YES;
				CLANG_WARN__DUPLICATE_METHOD_MATCH = YES;
				COPY_PHASE_STRIP = NO;
				DEAD_CODE_STRIPPING = YES;
				DEBUG_INFORMATION_FORMAT = dwarf;
				DEVELOPMENT_TEAM = VPS2J2F4X3;
				ENABLE_STRICT_OBJC_MSGSEND = YES;
				ENABLE_TESTABILITY = YES;
				ENABLE_USER_SCRIPT_SANDBOXING = YES;
				GCC_C_LANGUAGE_STANDARD = gnu17;
				GCC_DYNAMIC_NO_PIC = NO;
				GCC_NO_COMMON_BLOCKS = YES;
				GCC_OPTIMIZATION_LEVEL = 0;
				GCC_PREPROCESSOR_DEFINITIONS = (
					"DEBUG=1",
					"$(inherited)",
				);
				GCC_WARN_64_TO_32_BIT_CONVERSION = YES;
				GCC_WARN_ABOUT_RETURN_TYPE = YES_ERROR;
				GCC_WARN_UNDECLARED_SELECTOR = YES;
				GCC_WARN_UNINITIALIZED_AUTOS = YES_AGGRESSIVE;
				GCC_WARN_UNUSED_FUNCTION = YES;
				GCC_WARN_UNUSED_VARIABLE = YES;
				MACOSX_DEPLOYMENT_TARGET = 26.0;
				MTL_ENABLE_DEBUG_INFO = INCLUDE_SOURCE;
				MTL_FAST_MATH = YES;
				ONLY_ACTIVE_ARCH = YES;
				SDKROOT = macosx;
				STRING_CATALOG_GENERATE_SYMBOLS = YES;
				SWIFT_ACTIVE_COMPILATION_CONDITIONS = "DEBUG $(inherited)";
				SWIFT_OPTIMIZATION_LEVEL = "-Onone";
			};
			name = Debug;
		};
		G10004 /* Debug */ = {
			isa = XCBuildConfiguration;
			baseConfigurationReference = AE97E6972F41A97C0005F306 /* Secrets.xcconfig */;
			buildSettings = {
				ASSETCATALOG_COMPILER_APPICON_NAME = AppIcon;
				CODE_SIGN_ENTITLEMENTS = Ficino/Ficino.entitlements;
				CODE_SIGN_STYLE = Automatic;
				COMBINE_HIDPI_IMAGES = YES;
				CURRENT_PROJECT_VERSION = 1;
				DEAD_CODE_STRIPPING = YES;
				GENERATE_INFOPLIST_FILE = YES;
				INFOPLIST_FILE = Ficino/Info.plist;
				INFOPLIST_KEY_LSUIElement = YES;
				INFOPLIST_KEY_NSAppleEventsUsageDescription = "Ficino needs access to Apple Music to fetch album artwork for your currently playing track.";
				INFOPLIST_KEY_NSHumanReadableCopyright = "";
				LD_RUNPATH_SEARCH_PATHS = (
					"$(inherited)",
					"@executable_path/../Frameworks",
				);
				MARKETING_VERSION = 1.0;
				PRODUCT_BUNDLE_IDENTIFIER = com.jlagedo.ficino;
				PRODUCT_NAME = "$(TARGET_NAME)";
				SWIFT_EMIT_LOC_STRINGS = YES;
				SWIFT_VERSION = 5.0;
			};
			name = Debug;
		};
		G10005 /* Release */ = {
			isa = XCBuildConfiguration;
			buildSettings = {
				ALWAYS_SEARCH_USER_PATHS = NO;
				ASSETCATALOG_COMPILER_GENERATE_SWIFT_ASSET_SYMBOL_EXTENSIONS = YES;
				CLANG_ANALYZER_NONNULL = YES;
				CLANG_ANALYZER_NUMBER_OBJECT_CONVERSION = YES_AGGRESSIVE;
				CLANG_CXX_LANGUAGE_STANDARD = "gnu++20";
				CLANG_ENABLE_MODULES = YES;
				CLANG_ENABLE_OBJC_ARC = YES;
				CLANG_ENABLE_OBJC_WEAK = YES;
				CLANG_WARN_BLOCK_CAPTURE_AUTORELEASING = YES;
				CLANG_WARN_BOOL_CONVERSION = YES;
				CLANG_WARN_COMMA = YES;
				CLANG_WARN_CONSTANT_CONVERSION = YES;
				CLANG_WARN_DEPRECATED_OBJC_IMPLEMENTATIONS = YES;
				CLANG_WARN_DIRECT_OBJC_ISA_USAGE = YES_ERROR;
				CLANG_WARN_DOCUMENTATION_COMMENTS = YES;
				CLANG_WARN_EMPTY_BODY = YES;
				CLANG_WARN_ENUM_CONVERSION = YES;
				CLANG_WARN_INFINITE_RECURSION = YES;
				CLANG_WARN_INT_CONVERSION = YES;
				CLANG_WARN_NON_LITERAL_NULL_CONVERSION = YES;
				CLANG_WARN_OBJC_IMPLICIT_RETAIN_SELF = YES;
				CLANG_WARN_OBJC_LITERAL_CONVERSION = YES;
				CLANG_WARN_OBJC_ROOT_CLASS = YES_ERROR;
				CLANG_WARN_QUOTED_INCLUDE_IN_FRAMEWORK_HEADER = YES;
				CLANG_WARN_RANGE_LOOP_ANALYSIS = YES;
				CLANG_WARN_STRICT_PROTOTYPES = YES;
				CLANG_WARN_SUSPICIOUS_MOVE = YES;
				CLANG_WARN_UNGUARDED_AVAILABILITY = YES_AGGRESSIVE;
				CLANG_WARN_UNREACHABLE_CODE = YES;
				CLANG_WARN__DUPLICATE_METHOD_MATCH = YES;
				COPY_PHASE_STRIP = NO;
				DEAD_CODE_STRIPPING = YES;
				DEBUG_INFORMATION_FORMAT = "dwarf-with-dsym";
				DEVELOPMENT_TEAM = VPS2J2F4X3;
				ENABLE_NS_ASSERTIONS = NO;
				ENABLE_STRICT_OBJC_MSGSEND = YES;
				ENABLE_USER_SCRIPT_SANDBOXING = YES;
				GCC_C_LANGUAGE_STANDARD = gnu17;
				GCC_NO_COMMON_BLOCKS = YES;
				GCC_WARN_64_TO_32_BIT_CONVERSION = YES;
				GCC_WARN_ABOUT_RETURN_TYPE = YES_ERROR;
				GCC_WARN_UNDECLARED_SELECTOR = YES;
				GCC_WARN_UNINITIALIZED_AUTOS = YES_AGGRESSIVE;
				GCC_WARN_UNUSED_FUNCTION = YES;
				GCC_WARN_UNUSED_VARIABLE = YES;
				MACOSX_DEPLOYMENT_TARGET = 26.0;
				MTL_ENABLE_DEBUG_INFO = NO;
				MTL_FAST_MATH = YES;
				SDKROOT = macosx;
				STRING_CATALOG_GENERATE_SYMBOLS = YES;
				SWIFT_COMPILATION_MODE = wholemodule;
			};
			name = Release;
		};
		G10006 /* Release */ = {
			isa = XCBuildConfiguration;
			baseConfigurationReference = AE97E6972F41A97C0005F306 /* Secrets.xcconfig */;
			buildSettings = {
				ASSETCATALOG_COMPILER_APPICON_NAME = AppIcon;
				CODE_SIGN_ENTITLEMENTS = Ficino/Ficino.entitlements;
				CODE_SIGN_STYLE = Automatic;
				COMBINE_HIDPI_IMAGES = YES;
				CURRENT_PROJECT_VERSION = 1;
				DEAD_CODE_STRIPPING = YES;
				GENERATE_INFOPLIST_FILE = YES;
				INFOPLIST_FILE = Ficino/Info.plist;
				INFOPLIST_KEY_LSUIElement = YES;
				INFOPLIST_KEY_NSAppleEventsUsageDescription = "Ficino needs access to Apple Music to fetch album artwork for your currently playing track.";
				INFOPLIST_KEY_NSHumanReadableCopyright = "";
				LD_RUNPATH_SEARCH_PATHS = (
					"$(inherited)",
					"@executable_path/../Frameworks",
				);
				MARKETING_VERSION = 1.0;
				PRODUCT_BUNDLE_IDENTIFIER = com.jlagedo.ficino;
				PRODUCT_NAME = "$(TARGET_NAME)";
				SWIFT_EMIT_LOC_STRINGS = YES;
				SWIFT_VERSION = 5.0;
			};
			name = Release;
		};
/* End XCBuildConfiguration section */

/* Begin XCConfigurationList section */
		AEF2E3E82F411051009E0C54 /* Build configuration list for PBXNativeTarget "MusicContextGenerator" */ = {
			isa = XCConfigurationList;
			buildConfigurations = (
				AEF2E3E92F411051009E0C54 /* Debug */,
				AEF2E3EA2F411051009E0C54 /* Release */,
			);
			defaultConfigurationIsVisible = 0;
			defaultConfigurationName = Release;
		};
		G10001 /* Build configuration list for PBXProject "Ficino" */ = {
			isa = XCConfigurationList;
			buildConfigurations = (
				G10002 /* Debug */,
				G10005 /* Release */,
			);
			defaultConfigurationIsVisible = 0;
			defaultConfigurationName = Release;
		};
		G10003 /* Build configuration list for PBXNativeTarget "Ficino" */ = {
			isa = XCConfigurationList;
			buildConfigurations = (
				G10004 /* Debug */,
				G10006 /* Release */,
			);
			defaultConfigurationIsVisible = 0;
			defaultConfigurationName = Release;
		};
/* End XCConfigurationList section */

/* Begin XCLocalSwiftPackageReference section */
		AECBA0BE2F3ED892000EAF76 /* XCLocalSwiftPackageReference "MusicContext" */ = {
			isa = XCLocalSwiftPackageReference;
			relativePath = MusicContext;
		};
		AE00010100000001000E0C54 /* XCLocalSwiftPackageReference "MusicModel" */ = {
			isa = XCLocalSwiftPackageReference;
			relativePath = MusicModel;
		};
/* End XCLocalSwiftPackageReference section */

/* Begin XCSwiftPackageProductDependency section */
		AECBA0BF2F3ED892000EAF76 /* MusicContext */ = {
			isa = XCSwiftPackageProductDependency;
			productName = MusicContext;
		};
		AEF2E4022F411100009E0C54 /* MusicContext */ = {
			isa = XCSwiftPackageProductDependency;
			productName = MusicContext;
		};
		AE00010100000002000E0C54 /* MusicModel */ = {
			isa = XCSwiftPackageProductDependency;
			productName = MusicModel;
		};
/* End XCSwiftPackageProductDependency section */
	};
	rootObject = F10004 /* Project object */;
}
